
Microsoft Visual Studio Solution File, Format Version 12.00
# Visual Studio Version 16
VisualStudioVersion = 16.0.29411.108
MinimumVisualStudioVersion = 10.0.40219.1
Project("{9A19103F-16F7-4668-BE54-9A1E7A4F7556}") = "DiscordBot", "DiscordBot\DiscordBot.csproj", "{ADF4C1FC-AABF-4457-AC19-B7434A38BACD}"
EndProject
Project("{FAE04EC0-301F-11D3-BF4B-00C04F79EFBC}") = "TelegramBot", "TelegramBot\TelegramBot.csproj", "{C52FB94B-B238-4957-A799-13CA0B246353}"
EndProject
Global
	GlobalSection(SolutionConfigurationPlatforms) = preSolution
		Debug|Any CPU = Debug|Any CPU
		Release|Any CPU = Release|Any CPU
	EndGlobalSection
	GlobalSection(ProjectConfigurationPlatforms) = postSolution
		{ADF4C1FC-AABF-4457-AC19-B7434A38BACD}.Debug|Any CPU.ActiveCfg = Debug|Any CPU
		{ADF4C1FC-AABF-4457-AC19-B7434A38BACD}.Debug|Any CPU.Build.0 = Debug|Any CPU
		{ADF4C1FC-AABF-4457-AC19-B7434A38BACD}.Release|Any CPU.ActiveCfg = Release|Any CPU
		{ADF4C1FC-AABF-4457-AC19-B7434A38BACD}.Release|Any CPU.Build.0 = Release|Any CPU
		{C52FB94B-B238-4957-A799-13CA0B246353}.Debug|Any CPU.ActiveCfg = Debug|Any CPU
		{C52FB94B-B238-4957-A799-13CA0B246353}.Debug|Any CPU.Build.0 = Debug|Any CPU
		{C52FB94B-B238-4957-A799-13CA0B246353}.Release|Any CPU.ActiveCfg = Release|Any CPU
		{C52FB94B-B238-4957-A799-13CA0B246353}.Release|Any CPU.Build.0 = Release|Any CPU
	EndGlobalSection
	GlobalSection(SolutionProperties) = preSolution
		HideSolutionNode = FALSE
	EndGlobalSection
	GlobalSection(ExtensibilityGlobals) = postSolution
		SolutionGuid = {70BC2A2C-9176-421A-8478-92FCD591D94E}
	EndGlobalSection
EndGlobal
